{
  "pins" : [
    {
      "identity" : "ibmodels",
      "kind" : "remoteSourceControl",
      "location" : "https://github.com/stensoosaar/ibmodels",
      "state" : {
        "revision" : "388c3de18282b1a224934b1b03cf80c2cb83e112",
        "version" : "10.33.0"
      }
    }
  ],
  "version" : 2
}
