{
  "object": {
    "pins": [
      {
        "package": "Socket",
        "repositoryURL": "https://github.com/Kitura/BlueSocket.git",
        "state": {
          "branch": null,
          "revision": "7b23a867008e0027bfd6f4d398d44720707bc8ca",
          "version": "2.0.4"
        }
      },
      {
        "package": "SSLService",
        "repositoryURL": "https://github.com/Kitura/BlueSSLService",
        "state": {
          "branch": null,
          "revision": "b27a94d063962dfa1bba9f79814c4ef202cf33a4",
          "version": "2.0.2"
        }
      },
      {
        "package": "DuckDB",
        "repositoryURL": "https://github.com/duckdb/duckdb-swift.git",
        "state": {
          "branch": null,
          "revision": "52656ac13a0f260f5ca0b7c2bc0cd6c2c240c041",
          "version": "0.10.2"
        }
      },
      {
        "package": "PostgresClientKit",
        "repositoryURL": "https://github.com/codewinsdotcom/PostgresClientKit.git",
        "state": {
          "branch": "master",
          "revision": "c2768c8ebe708b1c5937431972c7882b33f4ea49",
          "version": null
        }
      }
    ]
  },
  "version": 1
}
